// !$*UTF8*$!
{
	archiveVersion = 1;
	classes = {
	};
	objectVersion = 55;
	objects = {

/* Begin PBXBuildFile section */
		CA35789F28D4F725005FAE28 /* AppDelegate.swift in Sources */ = {isa = PBXBuildFile; fileRef = CA35789E28D4F725005FAE28 /* AppDelegate.swift */; };
		CA3578A128D4F725005FAE28 /* SceneDelegate.swift in Sources */ = {isa = PBXBuildFile; fileRef = CA3578A028D4F725005FAE28 /* SceneDelegate.swift */; };
		CA3578A328D4F725005FAE28 /* WelcomeViewController.swift in Sources */ = {isa = PBXBuildFile; fileRef = CA3578A228D4F725005FAE28 /* WelcomeViewController.swift */; };
		CA3578A628D4F725005FAE28 /* Main.storyboard in Resources */ = {isa = PBXBuildFile; fileRef = CA3578A428D4F725005FAE28 /* Main.storyboard */; };
		CA3578A828D4F727005FAE28 /* Assets.xcassets in Resources */ = {isa = PBXBuildFile; fileRef = CA3578A728D4F727005FAE28 /* Assets.xcassets */; };
		CA3578AB28D4F727005FAE28 /* LaunchScreen.storyboard in Resources */ = {isa = PBXBuildFile; fileRef = CA3578A928D4F727005FAE28 /* LaunchScreen.storyboard */; };
		CA3578B328D86660005FAE28 /* MessageCell.xib in Resources */ = {isa = PBXBuildFile; fileRef = CA3578B228D86660005FAE28 /* MessageCell.xib */; };
		CA3578B828D87D28005FAE28 /* FirebaseAuth in Frameworks */ = {isa = PBXBuildFile; productRef = CA3578B728D87D28005FAE28 /* FirebaseAuth */; };
		CA3578BA28D87D28005FAE28 /* FirebaseFirestoreSwift in Frameworks */ = {isa = PBXBuildFile; productRef = CA3578B928D87D28005FAE28 /* FirebaseFirestoreSwift */; };
		CA3578BC28D87FA8005FAE28 /* RegisterViewController.swift in Sources */ = {isa = PBXBuildFile; fileRef = CA3578BB28D87FA8005FAE28 /* RegisterViewController.swift */; };
		CA3578BE28D87FC2005FAE28 /* LoginViewController.swift in Sources */ = {isa = PBXBuildFile; fileRef = CA3578BD28D87FC2005FAE28 /* LoginViewController.swift */; };
		CA3578C028D87FD4005FAE28 /* ChatViewController.swift in Sources */ = {isa = PBXBuildFile; fileRef = CA3578BF28D87FD4005FAE28 /* ChatViewController.swift */; };
		CA3578C228D88119005FAE28 /* MessageCell.swift in Sources */ = {isa = PBXBuildFile; fileRef = CA3578C128D88119005FAE28 /* MessageCell.swift */; };
		CA3578C428D88AB7005FAE28 /* GoogleService-Info.plist in Resources */ = {isa = PBXBuildFile; fileRef = CA3578C328D88AB7005FAE28 /* GoogleService-Info.plist */; };
		CA3578C628D8958D005FAE28 /* Constants.swift in Sources */ = {isa = PBXBuildFile; fileRef = CA3578C528D8958D005FAE28 /* Constants.swift */; };
		CA3578C828D895DB005FAE28 /* Message.swift in Sources */ = {isa = PBXBuildFile; fileRef = CA3578C728D895DB005FAE28 /* Message.swift */; };
		CA3578CB28DA124D005FAE28 /* IQKeyboardManagerSwift in Frameworks */ = {isa = PBXBuildFile; productRef = CA3578CA28DA124D005FAE28 /* IQKeyboardManagerSwift */; };
/* End PBXBuildFile section */

/* Begin PBXFileReference section */
		CA35789B28D4F725005FAE28 /* FlashChat.app */ = {isa = PBXFileReference; explicitFileType = wrapper.application; includeInIndex = 0; path = FlashChat.app; sourceTree = BUILT_PRODUCTS_DIR; };
		CA35789E28D4F725005FAE28 /* AppDelegate.swift */ = {isa = PBXFileReference; lastKnownFileType = sourcecode.swift; path = AppDelegate.swift; sourceTree = "<group>"; };
		CA3578A028D4F725005FAE28 /* SceneDelegate.swift */ = {isa = PBXFileReference; lastKnownFileType = sourcecode.swift; path = SceneDelegate.swift; sourceTree = "<group>"; };
		CA3578A228D4F725005FAE28 /* WelcomeViewController.swift */ = {isa = PBXFileReference; lastKnownFileType = sourcecode.swift; path = WelcomeViewController.swift; sourceTree = "<group>"; };
		CA3578A528D4F725005FAE28 /* Base */ = {isa = PBXFileReference; lastKnownFileType = file.storyboard; name = Base; path = Base.lproj/Main.storyboard; sourceTree = "<group>"; };
		CA3578A728D4F727005FAE28 /* Assets.xcassets */ = {isa = PBXFileReference; lastKnownFileType = folder.assetcatalog; path = Assets.xcassets; sourceTree = "<group>"; };
		CA3578AA28D4F727005FAE28 /* Base */ = {isa = PBXFileReference; lastKnownFileType = file.storyboard; name = Base; path = Base.lproj/LaunchScreen.storyboard; sourceTree = "<group>"; };
		CA3578AC28D4F727005FAE28 /* Info.plist */ = {isa = PBXFileReference; lastKnownFileType = text.plist.xml; path = Info.plist; sourceTree = "<group>"; };
		CA3578B228D86660005FAE28 /* MessageCell.xib */ = {isa = PBXFileReference; lastKnownFileType = file.xib; path = MessageCell.xib; sourceTree = "<group>"; };
		CA3578BB28D87FA8005FAE28 /* RegisterViewController.swift */ = {isa = PBXFileReference; lastKnownFileType = sourcecode.swift; path = RegisterViewController.swift; sourceTree = "<group>"; };
		CA3578BD28D87FC2005FAE28 /* LoginViewController.swift */ = {isa = PBXFileReference; lastKnownFileType = sourcecode.swift; path = LoginViewController.swift; sourceTree = "<group>"; };
		CA3578BF28D87FD4005FAE28 /* ChatViewController.swift */ = {isa = PBXFileReference; lastKnownFileType = sourcecode.swift; path = ChatViewController.swift; sourceTree = "<group>"; };
		CA3578C128D88119005FAE28 /* MessageCell.swift */ = {isa = PBXFileReference; lastKnownFileType = sourcecode.swift; path = MessageCell.swift; sourceTree = "<group>"; };
		CA3578C328D88AB7005FAE28 /* GoogleService-Info.plist */ = {isa = PBXFileReference; fileEncoding = 4; lastKnownFileType = text.plist.xml; path = "GoogleService-Info.plist"; sourceTree = "<group>"; };
		CA3578C528D8958D005FAE28 /* Constants.swift */ = {isa = PBXFileReference; lastKnownFileType = sourcecode.swift; path = Constants.swift; sourceTree = "<group>"; };
		CA3578C728D895DB005FAE28 /* Message.swift */ = {isa = PBXFileReference; lastKnownFileType = sourcecode.swift; path = Message.swift; sourceTree = "<group>"; };
/* End PBXFileReference section */

/* Begin PBXFrameworksBuildPhase section */
		CA35789828D4F725005FAE28 /* Frameworks */ = {
			isa = PBXFrameworksBuildPhase;
			buildActionMask = 2147483647;
			files = (
				CA3578B828D87D28005FAE28 /* FirebaseAuth in Frameworks */,
				CA3578BA28D87D28005FAE28 /* FirebaseFirestoreSwift in Frameworks */,
				CA3578CB28DA124D005FAE28 /* IQKeyboardManagerSwift in Frameworks */,
			);
			runOnlyForDeploymentPostprocessing = 0;
		};
/* End PBXFrameworksBuildPhase section */

/* Begin PBXGroup section */
		CA35789228D4F725005FAE28 = {
			isa = PBXGroup;
			children = (
				CA35789D28D4F725005FAE28 /* FlashChat */,
				CA35789C28D4F725005FAE28 /* Products */,
			);
			sourceTree = "<group>";
		};
		CA35789C28D4F725005FAE28 /* Products */ = {
			isa = PBXGroup;
			children = (
				CA35789B28D4F725005FAE28 /* FlashChat.app */,
			);
			name = Products;
			sourceTree = "<group>";
		};
		CA35789D28D4F725005FAE28 /* FlashChat */ = {
			isa = PBXGroup;
			children = (
				CA35789E28D4F725005FAE28 /* AppDelegate.swift */,
				CA3578A028D4F725005FAE28 /* SceneDelegate.swift */,
				CA3578CD28DAEE81005FAE28 /* Model */,
				CA3578CC28DAEE68005FAE28 /* Controllers */,
				CA3578CE28DAEE9A005FAE28 /* Views */,
				CA3578A728D4F727005FAE28 /* Assets.xcassets */,
				CA3578A928D4F727005FAE28 /* LaunchScreen.storyboard */,
				CA3578AC28D4F727005FAE28 /* Info.plist */,
				CA3578C328D88AB7005FAE28 /* GoogleService-Info.plist */,
				CA3578C528D8958D005FAE28 /* Constants.swift */,
			);
			path = FlashChat;
			sourceTree = "<group>";
		};
		CA3578CC28DAEE68005FAE28 /* Controllers */ = {
			isa = PBXGroup;
			children = (
				CA3578A228D4F725005FAE28 /* WelcomeViewController.swift */,
				CA3578BB28D87FA8005FAE28 /* RegisterViewController.swift */,
				CA3578BD28D87FC2005FAE28 /* LoginViewController.swift */,
				CA3578BF28D87FD4005FAE28 /* ChatViewController.swift */,
			);
			path = Controllers;
			sourceTree = "<group>";
		};
		CA3578CD28DAEE81005FAE28 /* Model */ = {
			isa = PBXGroup;
			children = (
				CA3578C728D895DB005FAE28 /* Message.swift */,
			);
			path = Model;
			sourceTree = "<group>";
		};
		CA3578CE28DAEE9A005FAE28 /* Views */ = {
			isa = PBXGroup;
			children = (
				CA3578A428D4F725005FAE28 /* Main.storyboard */,
				CA3578B228D86660005FAE28 /* MessageCell.xib */,
				CA3578C128D88119005FAE28 /* MessageCell.swift */,
			);
			path = Views;
			sourceTree = "<group>";
		};
/* End PBXGroup section */

/* Begin PBXNativeTarget section */
		CA35789A28D4F725005FAE28 /* FlashChat */ = {
			isa = PBXNativeTarget;
			buildConfigurationList = CA3578AF28D4F727005FAE28 /* Build configuration list for PBXNativeTarget "FlashChat" */;
			buildPhases = (
				CA35789728D4F725005FAE28 /* Sources */,
				CA35789828D4F725005FAE28 /* Frameworks */,
				CA35789928D4F725005FAE28 /* Resources */,
			);
			buildRules = (
			);
			dependencies = (
			);
			name = FlashChat;
			packageProductDependencies = (
				CA3578B728D87D28005FAE28 /* FirebaseAuth */,
				CA3578B928D87D28005FAE28 /* FirebaseFirestoreSwift */,
				CA3578CA28DA124D005FAE28 /* IQKeyboardManagerSwift */,
			);
			productName = FlashChat;
			productReference = CA35789B28D4F725005FAE28 /* FlashChat.app */;
			productType = "com.apple.product-type.application";
		};
/* End PBXNativeTarget section */

/* Begin PBXProject section */
		CA35789328D4F725005FAE28 /* Project object */ = {
			isa = PBXProject;
			attributes = {
				BuildIndependentTargetsInParallel = 1;
				LastSwiftUpdateCheck = 1340;
				LastUpgradeCheck = 1340;
				TargetAttributes = {
					CA35789A28D4F725005FAE28 = {
						CreatedOnToolsVersion = 13.4.1;
					};
				};
			};
			buildConfigurationList = CA35789628D4F725005FAE28 /* Build configuration list for PBXProject "FlashChat" */;
			compatibilityVersion = "Xcode 13.0";
			developmentRegion = en;
			hasScannedForEncodings = 0;
			knownRegions = (
				en,
				Base,
			);
			mainGroup = CA35789228D4F725005FAE28;
			packageReferences = (
				CA3578B628D87D28005FAE28 /* XCRemoteSwiftPackageReference "firebase-ios-sdk" */,
				CA3578C928DA124D005FAE28 /* XCRemoteSwiftPackageReference "IQKeyboardManager" */,
			);
			productRefGroup = CA35789C28D4F725005FAE28 /* Products */;
			projectDirPath = "";
			projectRoot = "";
			targets = (
				CA35789A28D4F725005FAE28 /* FlashChat */,
			);
		};
/* End PBXProject section */

/* Begin PBXResourcesBuildPhase section */
		CA35789928D4F725005FAE28 /* Resources */ = {
			isa = PBXResourcesBuildPhase;
			buildActionMask = 2147483647;
			files = (
				CA3578AB28D4F727005FAE28 /* LaunchScreen.storyboard in Resources */,
				CA3578B328D86660005FAE28 /* MessageCell.xib in Resources */,
				CA3578C428D88AB7005FAE28 /* GoogleService-Info.plist in Resources */,
				CA3578A828D4F727005FAE28 /* Assets.xcassets in Resources */,
				CA3578A628D4F725005FAE28 /* Main.storyboard in Resources */,
			);
			runOnlyForDeploymentPostprocessing = 0;
		};
/* End PBXResourcesBuildPhase section */

/* Begin PBXSourcesBuildPhase section */
		CA35789728D4F725005FAE28 /* Sources */ = {
			isa = PBXSourcesBuildPhase;
			buildActionMask = 2147483647;
			files = (
				CA3578A328D4F725005FAE28 /* WelcomeViewController.swift in Sources */,
				CA35789F28D4F725005FAE28 /* AppDelegate.swift in Sources */,
				CA3578A128D4F725005FAE28 /* SceneDelegate.swift in Sources */,
				CA3578C828D895DB005FAE28 /* Message.swift in Sources */,
				CA3578BE28D87FC2005FAE28 /* LoginViewController.swift in Sources */,
				CA3578C028D87FD4005FAE28 /* ChatViewController.swift in Sources */,
				CA3578BC28D87FA8005FAE28 /* RegisterViewController.swift in Sources */,
				CA3578C228D88119005FAE28 /* MessageCell.swift in Sources */,
				CA3578C628D8958D005FAE28 /* Constants.swift in Sources */,
			);
			runOnlyForDeploymentPostprocessing = 0;
		};
/* End PBXSourcesBuildPhase section */

/* Begin PBXVariantGroup section */
		CA3578A428D4F725005FAE28 /* Main.storyboard */ = {
			isa = PBXVariantGroup;
			children = (
				CA3578A528D4F725005FAE28 /* Base */,
			);
			name = Main.storyboard;
			sourceTree = "<group>";
		};
		CA3578A928D4F727005FAE28 /* LaunchScreen.storyboard */ = {
			isa = PBXVariantGroup;
			children = (
				CA3578AA28D4F727005FAE28 /* Base */,
			);
			name = LaunchScreen.storyboard;
			sourceTree = "<group>";
		};
/* End PBXVariantGroup section */

/* Begin XCBuildConfiguration section */
		CA3578AD28D4F727005FAE28 /* Debug */ = {
			isa = XCBuildConfiguration;
			buildSettings = {
				ALWAYS_SEARCH_USER_PATHS = NO;
				CLANG_ANALYZER_NONNULL = YES;
				CLANG_ANALYZER_NUMBER_OBJECT_CONVERSION = YES_AGGRESSIVE;
				CLANG_CXX_LANGUAGE_STANDARD = "gnu++17";
				CLANG_ENABLE_MODULES = YES;
				CLANG_ENABLE_OBJC_ARC = YES;
				CLANG_ENABLE_OBJC_WEAK = YES;
				CLANG_WARN_BLOCK_CAPTURE_AUTORELEASING = YES;
				CLANG_WARN_BOOL_CONVERSION = YES;
				CLANG_WARN_COMMA = YES;
				CLANG_WARN_CONSTANT_CONVERSION = YES;
				CLANG_WARN_DEPRECATED_OBJC_IMPLEMENTATIONS = YES;
				CLANG_WARN_DIRECT_OBJC_ISA_USAGE = YES_ERROR;
				CLANG_WARN_DOCUMENTATION_COMMENTS = YES;
				CLANG_WARN_EMPTY_BODY = YES;
				CLANG_WARN_ENUM_CONVERSION = YES;
				CLANG_WARN_INFINITE_RECURSION = YES;
				CLANG_WARN_INT_CONVERSION = YES;
				CLANG_WARN_NON_LITERAL_NULL_CONVERSION = YES;
				CLANG_WARN_OBJC_IMPLICIT_RETAIN_SELF = YES;
				CLANG_WARN_OBJC_LITERAL_CONVERSION = YES;
				CLANG_WARN_OBJC_ROOT_CLASS = YES_ERROR;
				CLANG_WARN_QUOTED_INCLUDE_IN_FRAMEWORK_HEADER = YES;
				CLANG_WARN_RANGE_LOOP_ANALYSIS = YES;
				CLANG_WARN_STRICT_PROTOTYPES = YES;
				CLANG_WARN_SUSPICIOUS_MOVE = YES;
				CLANG_WARN_UNGUARDED_AVAILABILITY = YES_AGGRESSIVE;
				CLANG_WARN_UNREACHABLE_CODE = YES;
				CLANG_WARN__DUPLICATE_METHOD_MATCH = YES;
				COPY_PHASE_STRIP = NO;
				DEBUG_INFORMATION_FORMAT = dwarf;
				ENABLE_STRICT_OBJC_MSGSEND = YES;
				ENABLE_TESTABILITY = YES;
				GCC_C_LANGUAGE_STANDARD = gnu11;
				GCC_DYNAMIC_NO_PIC = NO;
				GCC_NO_COMMON_BLOCKS = YES;
				GCC_OPTIMIZATION_LEVEL = 0;
				GCC_PREPROCESSOR_DEFINITIONS = (
					"DEBUG=1",
					"$(inherited)",
				);
				GCC_WARN_64_TO_32_BIT_CONVERSION = YES;
				GCC_WARN_ABOUT_RETURN_TYPE = YES_ERROR;
				GCC_WARN_UNDECLARED_SELECTOR = YES;
				GCC_WARN_UNINITIALIZED_AUTOS = YES_AGGRESSIVE;
				GCC_WARN_UNUSED_FUNCTION = YES;
				GCC_WARN_UNUSED_VARIABLE = YES;
				IPHONEOS_DEPLOYMENT_TARGET = 15.5;
				MTL_ENABLE_DEBUG_INFO = INCLUDE_SOURCE;
				MTL_FAST_MATH = YES;
				ONLY_ACTIVE_ARCH = YES;
				SDKROOT = iphoneos;
				SWIFT_ACTIVE_COMPILATION_CONDITIONS = DEBUG;
				SWIFT_OPTIMIZATION_LEVEL = "-Onone";
			};
			name = Debug;
		};
		CA3578AE28D4F727005FAE28 /* Release */ = {
			isa = XCBuildConfiguration;
			buildSettings = {
				ALWAYS_SEARCH_USER_PATHS = NO;
				CLANG_ANALYZER_NONNULL = YES;
				CLANG_ANALYZER_NUMBER_OBJECT_CONVERSION = YES_AGGRESSIVE;
				CLANG_CXX_LANGUAGE_STANDARD = "gnu++17";
				CLANG_ENABLE_MODULES = YES;
				CLANG_ENABLE_OBJC_ARC = YES;
				CLANG_ENABLE_OBJC_WEAK = YES;
				CLANG_WARN_BLOCK_CAPTURE_AUTORELEASING = YES;
				CLANG_WARN_BOOL_CONVERSION = YES;
				CLANG_WARN_COMMA = YES;
				CLANG_WARN_CONSTANT_CONVERSION = YES;
				CLANG_WARN_DEPRECATED_OBJC_IMPLEMENTATIONS = YES;
				CLANG_WARN_DIRECT_OBJC_ISA_USAGE = YES_ERROR;
				CLANG_WARN_DOCUMENTATION_COMMENTS = YES;
				CLANG_WARN_EMPTY_BODY = YES;
				CLANG_WARN_ENUM_CONVERSION = YES;
				CLANG_WARN_INFINITE_RECURSION = YES;
				CLANG_WARN_INT_CONVERSION = YES;
				CLANG_WARN_NON_LITERAL_NULL_CONVERSION = YES;
				CLANG_WARN_OBJC_IMPLICIT_RETAIN_SELF = YES;
				CLANG_WARN_OBJC_LITERAL_CONVERSION = YES;
				CLANG_WARN_OBJC_ROOT_CLASS = YES_ERROR;
				CLANG_WARN_QUOTED_INCLUDE_IN_FRAMEWORK_HEADER = YES;
				CLANG_WARN_RANGE_LOOP_ANALYSIS = YES;
				CLANG_WARN_STRICT_PROTOTYPES = YES;
				CLANG_WARN_SUSPICIOUS_MOVE = YES;
				CLANG_WARN_UNGUARDED_AVAILABILITY = YES_AGGRESSIVE;
				CLANG_WARN_UNREACHABLE_CODE = YES;
				CLANG_WARN__DUPLICATE_METHOD_MATCH = YES;
				COPY_PHASE_STRIP = NO;
				DEBUG_INFORMATION_FORMAT = "dwarf-with-dsym";
				ENABLE_NS_ASSERTIONS = NO;
				ENABLE_STRICT_OBJC_MSGSEND = YES;
				GCC_C_LANGUAGE_STANDARD = gnu11;
				GCC_NO_COMMON_BLOCKS = YES;
				GCC_WARN_64_TO_32_BIT_CONVERSION = YES;
				GCC_WARN_ABOUT_RETURN_TYPE = YES_ERROR;
				GCC_WARN_UNDECLARED_SELECTOR = YES;
				GCC_WARN_UNINITIALIZED_AUTOS = YES_AGGRESSIVE;
				GCC_WARN_UNUSED_FUNCTION = YES;
				GCC_WARN_UNUSED_VARIABLE = YES;
				IPHONEOS_DEPLOYMENT_TARGET = 15.5;
				MTL_ENABLE_DEBUG_INFO = NO;
				MTL_FAST_MATH = YES;
				SDKROOT = iphoneos;
				SWIFT_COMPILATION_MODE = wholemodule;
				SWIFT_OPTIMIZATION_LEVEL = "-O";
				VALIDATE_PRODUCT = YES;
			};
			name = Release;
		};
		CA3578B028D4F727005FAE28 /* Debug */ = {
			isa = XCBuildConfiguration;
			buildSettings = {
				ASSETCATALOG_COMPILER_APPICON_NAME = AppIcon;
				ASSETCATALOG_COMPILER_GLOBAL_ACCENT_COLOR_NAME = AccentColor;
				CODE_SIGN_STYLE = Automatic;
				CURRENT_PROJECT_VERSION = 1;
				DEVELOPMENT_TEAM = 685HTA7V8T;
				GENERATE_INFOPLIST_FILE = YES;
				INFOPLIST_FILE = FlashChat/Info.plist;
				INFOPLIST_KEY_UIApplicationSupportsIndirectInputEvents = YES;
				INFOPLIST_KEY_UILaunchStoryboardName = LaunchScreen;
				INFOPLIST_KEY_UIMainStoryboardFile = Main;
				INFOPLIST_KEY_UISupportedInterfaceOrientations_iPad = "UIInterfaceOrientationPortrait UIInterfaceOrientationPortraitUpsideDown UIInterfaceOrientationLandscapeLeft UIInterfaceOrientationLandscapeRight";
				INFOPLIST_KEY_UISupportedInterfaceOrientations_iPhone = "UIInterfaceOrientationPortrait UIInterfaceOrientationLandscapeLeft UIInterfaceOrientationLandscapeRight";
				LD_RUNPATH_SEARCH_PATHS = (
					"$(inherited)",
					"@executable_path/Frameworks",
				);
				MARKETING_VERSION = 1.0;
				PRODUCT_BUNDLE_IDENTIFIER = "co.waliok2292.Flash-Chat";
				PRODUCT_NAME = "$(TARGET_NAME)";
				SWIFT_EMIT_LOC_STRINGS = YES;
				SWIFT_VERSION = 5.0;
				TARGETED_DEVICE_FAMILY = "1,2";
			};
			name = Debug;
		};
		CA3578B128D4F727005FAE28 /* Release */ = {
			isa = XCBuildConfiguration;
			buildSettings = {
				ASSETCATALOG_COMPILER_APPICON_NAME = AppIcon;
				ASSETCATALOG_COMPILER_GLOBAL_ACCENT_COLOR_NAME = AccentColor;
				CODE_SIGN_STYLE = Automatic;
				CURRENT_PROJECT_VERSION = 1;
				DEVELOPMENT_TEAM = 685HTA7V8T;
				GENERATE_INFOPLIST_FILE = YES;
				INFOPLIST_FILE = FlashChat/Info.plist;
				INFOPLIST_KEY_UIApplicationSupportsIndirectInputEvents = YES;
				INFOPLIST_KEY_UILaunchStoryboardName = LaunchScreen;
				INFOPLIST_KEY_UIMainStoryboardFile = Main;
				INFOPLIST_KEY_UISupportedInterfaceOrientations_iPad = "UIInterfaceOrientationPortrait UIInterfaceOrientationPortraitUpsideDown UIInterfaceOrientationLandscapeLeft UIInterfaceOrientationLandscapeRight";
				INFOPLIST_KEY_UISupportedInterfaceOrientations_iPhone = "UIInterfaceOrientationPortrait UIInterfaceOrientationLandscapeLeft UIInterfaceOrientationLandscapeRight";
				LD_RUNPATH_SEARCH_PATHS = (
					"$(inherited)",
					"@executable_path/Frameworks",
				);
				MARKETING_VERSION = 1.0;
				PRODUCT_BUNDLE_IDENTIFIER = "co.waliok2292.Flash-Chat";
				PRODUCT_NAME = "$(TARGET_NAME)";
				SWIFT_EMIT_LOC_STRINGS = YES;
				SWIFT_VERSION = 5.0;
				TARGETED_DEVICE_FAMILY = "1,2";
			};
			name = Release;
		};
/* End XCBuildConfiguration section */

/* Begin XCConfigurationList section */
		CA35789628D4F725005FAE28 /* Build configuration list for PBXProject "FlashChat" */ = {
			isa = XCConfigurationList;
			buildConfigurations = (
				CA3578AD28D4F727005FAE28 /* Debug */,
				CA3578AE28D4F727005FAE28 /* Release */,
			);
			defaultConfigurationIsVisible = 0;
			defaultConfigurationName = Release;
		};
		CA3578AF28D4F727005FAE28 /* Build configuration list for PBXNativeTarget "FlashChat" */ = {
			isa = XCConfigurationList;
			buildConfigurations = (
				CA3578B028D4F727005FAE28 /* Debug */,
				CA3578B128D4F727005FAE28 /* Release */,
			);
			defaultConfigurationIsVisible = 0;
			defaultConfigurationName = Release;
		};
/* End XCConfigurationList section */

/* Begin XCRemoteSwiftPackageReference section */
		CA3578B628D87D28005FAE28 /* XCRemoteSwiftPackageReference "firebase-ios-sdk" */ = {
			isa = XCRemoteSwiftPackageReference;
			repositoryURL = "https://github.com/firebase/firebase-ios-sdk";
			requirement = {
				branch = master;
				kind = branch;
			};
		};
		CA3578C928DA124D005FAE28 /* XCRemoteSwiftPackageReference "IQKeyboardManager" */ = {
			isa = XCRemoteSwiftPackageReference;
			repositoryURL = "https://github.com/hackiftekhar/IQKeyboardManager";
			requirement = {
				branch = master;
				kind = branch;
			};
		};
/* End XCRemoteSwiftPackageReference section */

/* Begin XCSwiftPackageProductDependency section */
		CA3578B728D87D28005FAE28 /* FirebaseAuth */ = {
			isa = XCSwiftPackageProductDependency;
			package = CA3578B628D87D28005FAE28 /* XCRemoteSwiftPackageReference "firebase-ios-sdk" */;
			productName = FirebaseAuth;
		};
		CA3578B928D87D28005FAE28 /* FirebaseFirestoreSwift */ = {
			isa = XCSwiftPackageProductDependency;
			package = CA3578B628D87D28005FAE28 /* XCRemoteSwiftPackageReference "firebase-ios-sdk" */;
			productName = FirebaseFirestoreSwift;
		};
		CA3578CA28DA124D005FAE28 /* IQKeyboardManagerSwift */ = {
			isa = XCSwiftPackageProductDependency;
			package = CA3578C928DA124D005FAE28 /* XCRemoteSwiftPackageReference "IQKeyboardManager" */;
			productName = IQKeyboardManagerSwift;
		};
/* End XCSwiftPackageProductDependency section */
	};
	rootObject = CA35789328D4F725005FAE28 /* Project object */;
}
